// !$*UTF8*$!
{
	archiveVersion = 1;
	classes = {
	};
	objectVersion = 46;
	objects = {

/* Begin PBXBuildFile section */
		E8C22FBD1DFE3763000E5BF5 /* main.m in Sources */ = {isa = PBXBuildFile; fileRef = E8C22FBC1DFE3763000E5BF5 /* main.m */; };
		E8C22FC01DFE3763000E5BF5 /* AppDelegate.m in Sources */ = {isa = PBXBuildFile; fileRef = E8C22FBF1DFE3763000E5BF5 /* AppDelegate.m */; };
		E8C22FC31DFE3763000E5BF5 /* ViewController.m in Sources */ = {isa = PBXBuildFile; fileRef = E8C22FC21DFE3763000E5BF5 /* ViewController.m */; };
		E8C22FC61DFE3763000E5BF5 /* Main.storyboard in Resources */ = {isa = PBXBuildFile; fileRef = E8C22FC41DFE3763000E5BF5 /* Main.storyboard */; };
		E8C22FC81DFE3763000E5BF5 /* Assets.xcassets in Resources */ = {isa = PBXBuildFile; fileRef = E8C22FC71DFE3763000E5BF5 /* Assets.xcassets */; };
		E8C22FCB1DFE3763000E5BF5 /* LaunchScreen.storyboard in Resources */ = {isa = PBXBuildFile; fileRef = E8C22FC91DFE3763000E5BF5 /* LaunchScreen.storyboard */; };
		E8C22FD61DFE3763000E5BF5 /* LJZAlertViewTests.m in Sources */ = {isa = PBXBuildFile; fileRef = E8C22FD51DFE3763000E5BF5 /* LJZAlertViewTests.m */; };
		E8C22FE11DFE3763000E5BF5 /* LJZAlertViewUITests.m in Sources */ = {isa = PBXBuildFile; fileRef = E8C22FE01DFE3763000E5BF5 /* LJZAlertViewUITests.m */; };
		E8C22FF01DFE49F8000E5BF5 /* LJZAlertView.m in Sources */ = {isa = PBXBuildFile; fileRef = E8C22FEF1DFE49F8000E5BF5 /* LJZAlertView.m */; };
		E8C22FF31DFE4ACC000E5BF5 /* LJZAlertAppearance.m in Sources */ = {isa = PBXBuildFile; fileRef = E8C22FF21DFE4ACC000E5BF5 /* LJZAlertAppearance.m */; };
/* End PBXBuildFile section */

/* Begin PBXContainerItemProxy section */
		E8C22FD21DFE3763000E5BF5 /* PBXContainerItemProxy */ = {
			isa = PBXContainerItemProxy;
			containerPortal = E8C22FB01DFE3763000E5BF5 /* Project object */;
			proxyType = 1;
			remoteGlobalIDString = E8C22FB71DFE3763000E5BF5;
			remoteInfo = LJZAlertView;
		};
		E8C22FDD1DFE3763000E5BF5 /* PBXContainerItemProxy */ = {
			isa = PBXContainerItemProxy;
			containerPortal = E8C22FB01DFE3763000E5BF5 /* Project object */;
			proxyType = 1;
			remoteGlobalIDString = E8C22FB71DFE3763000E5BF5;
			remoteInfo = LJZAlertView;
		};
/* End PBXContainerItemProxy section */

/* Begin PBXFileReference section */
		E8C22FB81DFE3763000E5BF5 /* LJZAlertView.app */ = {isa = PBXFileReference; explicitFileType = wrapper.application; includeInIndex = 0; path = LJZAlertView.app; sourceTree = BUILT_PRODUCTS_DIR; };
		E8C22FBC1DFE3763000E5BF5 /* main.m */ = {isa = PBXFileReference; lastKnownFileType = sourcecode.c.objc; path = main.m; sourceTree = "<group>"; };
		E8C22FBE1DFE3763000E5BF5 /* AppDelegate.h */ = {isa = PBXFileReference; lastKnownFileType = sourcecode.c.h; path = AppDelegate.h; sourceTree = "<group>"; };
		E8C22FBF1DFE3763000E5BF5 /* AppDelegate.m */ = {isa = PBXFileReference; lastKnownFileType = sourcecode.c.objc; path = AppDelegate.m; sourceTree = "<group>"; };
		E8C22FC11DFE3763000E5BF5 /* ViewController.h */ = {isa = PBXFileReference; lastKnownFileType = sourcecode.c.h; path = ViewController.h; sourceTree = "<group>"; };
		E8C22FC21DFE3763000E5BF5 /* ViewController.m */ = {isa = PBXFileReference; lastKnownFileType = sourcecode.c.objc; path = ViewController.m; sourceTree = "<group>"; };
		E8C22FC51DFE3763000E5BF5 /* Base */ = {isa = PBXFileReference; lastKnownFileType = file.storyboard; name = Base; path = Base.lproj/Main.storyboard; sourceTree = "<group>"; };
		E8C22FC71DFE3763000E5BF5 /* Assets.xcassets */ = {isa = PBXFileReference; lastKnownFileType = folder.assetcatalog; path = Assets.xcassets; sourceTree = "<group>"; };
		E8C22FCA1DFE3763000E5BF5 /* Base */ = {isa = PBXFileReference; lastKnownFileType = file.storyboard; name = Base; path = Base.lproj/LaunchScreen.storyboard; sourceTree = "<group>"; };
		E8C22FCC1DFE3763000E5BF5 /* Info.plist */ = {isa = PBXFileReference; lastKnownFileType = text.plist.xml; path = Info.plist; sourceTree = "<group>"; };
		E8C22FD11DFE3763000E5BF5 /* LJZAlertViewTests.xctest */ = {isa = PBXFileReference; explicitFileType = wrapper.cfbundle; includeInIndex = 0; path = LJZAlertViewTests.xctest; sourceTree = BUILT_PRODUCTS_DIR; };
		E8C22FD51DFE3763000E5BF5 /* LJZAlertViewTests.m */ = {isa = PBXFileReference; lastKnownFileType = sourcecode.c.objc; path = LJZAlertViewTests.m; sourceTree = "<group>"; };
		E8C22FD71DFE3763000E5BF5 /* Info.plist */ = {isa = PBXFileReference; lastKnownFileType = text.plist.xml; path = Info.plist; sourceTree = "<group>"; };
		E8C22FDC1DFE3763000E5BF5 /* LJZAlertViewUITests.xctest */ = {isa = PBXFileReference; explicitFileType = wrapper.cfbundle; includeInIndex = 0; path = LJZAlertViewUITests.xctest; sourceTree = BUILT_PRODUCTS_DIR; };
		E8C22FE01DFE3763000E5BF5 /* LJZAlertViewUITests.m */ = {isa = PBXFileReference; lastKnownFileType = sourcecode.c.objc; path = LJZAlertViewUITests.m; sourceTree = "<group>"; };
		E8C22FE21DFE3763000E5BF5 /* Info.plist */ = {isa = PBXFileReference; lastKnownFileType = text.plist.xml; path = Info.plist; sourceTree = "<group>"; };
		E8C22FEE1DFE49F8000E5BF5 /* LJZAlertView.h */ = {isa = PBXFileReference; fileEncoding = 4; lastKnownFileType = sourcecode.c.h; path = LJZAlertView.h; sourceTree = "<group>"; };
		E8C22FEF1DFE49F8000E5BF5 /* LJZAlertView.m */ = {isa = PBXFileReference; fileEncoding = 4; lastKnownFileType = sourcecode.c.objc; path = LJZAlertView.m; sourceTree = "<group>"; };
		E8C22FF11DFE4ACC000E5BF5 /* LJZAlertAppearance.h */ = {isa = PBXFileReference; fileEncoding = 4; lastKnownFileType = sourcecode.c.h; path = LJZAlertAppearance.h; sourceTree = "<group>"; };
		E8C22FF21DFE4ACC000E5BF5 /* LJZAlertAppearance.m */ = {isa = PBXFileReference; fileEncoding = 4; lastKnownFileType = sourcecode.c.objc; path = LJZAlertAppearance.m; sourceTree = "<group>"; };
/* End PBXFileReference section */

/* Begin PBXFrameworksBuildPhase section */
		E8C22FB51DFE3763000E5BF5 /* Frameworks */ = {
			isa = PBXFrameworksBuildPhase;
			buildActionMask = 2147483647;
			files = (
			);
			runOnlyForDeploymentPostprocessing = 0;
		};
		E8C22FCE1DFE3763000E5BF5 /* Frameworks */ = {
			isa = PBXFrameworksBuildPhase;
			buildActionMask = 2147483647;
			files = (
			);
			runOnlyForDeploymentPostprocessing = 0;
		};
		E8C22FD91DFE3763000E5BF5 /* Frameworks */ = {
			isa = PBXFrameworksBuildPhase;
			buildActionMask = 2147483647;
			files = (
			);
			runOnlyForDeploymentPostprocessing = 0;
		};
/* End PBXFrameworksBuildPhase section */

/* Begin PBXGroup section */
		E8C22FAF1DFE3763000E5BF5 = {
			isa = PBXGroup;
			children = (
				E8C22FBA1DFE3763000E5BF5 /* LJZAlertView */,
				E8C22FD41DFE3763000E5BF5 /* LJZAlertViewTests */,
				E8C22FDF1DFE3763000E5BF5 /* LJZAlertViewUITests */,
				E8C22FB91DFE3763000E5BF5 /* Products */,
			);
			sourceTree = "<group>";
		};
		E8C22FB91DFE3763000E5BF5 /* Products */ = {
			isa = PBXGroup;
			children = (
				E8C22FB81DFE3763000E5BF5 /* LJZAlertView.app */,
				E8C22FD11DFE3763000E5BF5 /* LJZAlertViewTests.xctest */,
				E8C22FDC1DFE3763000E5BF5 /* LJZAlertViewUITests.xctest */,
			);
			name = Products;
			sourceTree = "<group>";
		};
		E8C22FBA1DFE3763000E5BF5 /* LJZAlertView */ = {
			isa = PBXGroup;
			children = (
				E8C22FBE1DFE3763000E5BF5 /* AppDelegate.h */,
				E8C22FBF1DFE3763000E5BF5 /* AppDelegate.m */,
				E8C22FC11DFE3763000E5BF5 /* ViewController.h */,
				E8C22FC21DFE3763000E5BF5 /* ViewController.m */,
				E8C22FC41DFE3763000E5BF5 /* Main.storyboard */,
				E8C22FC71DFE3763000E5BF5 /* Assets.xcassets */,
				E8C22FC91DFE3763000E5BF5 /* LaunchScreen.storyboard */,
				E8C22FCC1DFE3763000E5BF5 /* Info.plist */,
				E8C22FBB1DFE3763000E5BF5 /* Supporting Files */,
				E8C22FEE1DFE49F8000E5BF5 /* LJZAlertView.h */,
				E8C22FEF1DFE49F8000E5BF5 /* LJZAlertView.m */,
				E8C22FF11DFE4ACC000E5BF5 /* LJZAlertAppearance.h */,
				E8C22FF21DFE4ACC000E5BF5 /* LJZAlertAppearance.m */,
			);
			path = LJZAlertView;
			sourceTree = "<group>";
		};
		E8C22FBB1DFE3763000E5BF5 /* Supporting Files */ = {
			isa = PBXGroup;
			children = (
				E8C22FBC1DFE3763000E5BF5 /* main.m */,
			);
			name = "Supporting Files";
			sourceTree = "<group>";
		};
		E8C22FD41DFE3763000E5BF5 /* LJZAlertViewTests */ = {
			isa = PBXGroup;
			children = (
				E8C22FD51DFE3763000E5BF5 /* LJZAlertViewTests.m */,
				E8C22FD71DFE3763000E5BF5 /* Info.plist */,
			);
			path = LJZAlertViewTests;
			sourceTree = "<group>";
		};
		E8C22FDF1DFE3763000E5BF5 /* LJZAlertViewUITests */ = {
			isa = PBXGroup;
			children = (
				E8C22FE01DFE3763000E5BF5 /* LJZAlertViewUITests.m */,
				E8C22FE21DFE3763000E5BF5 /* Info.plist */,
			);
			path = LJZAlertViewUITests;
			sourceTree = "<group>";
		};
/* End PBXGroup section */

/* Begin PBXNativeTarget section */
		E8C22FB71DFE3763000E5BF5 /* LJZAlertView */ = {
			isa = PBXNativeTarget;
			buildConfigurationList = E8C22FE51DFE3763000E5BF5 /* Build configuration list for PBXNativeTarget "LJZAlertView" */;
			buildPhases = (
				E8C22FB41DFE3763000E5BF5 /* Sources */,
				E8C22FB51DFE3763000E5BF5 /* Frameworks */,
				E8C22FB61DFE3763000E5BF5 /* Resources */,
			);
			buildRules = (
			);
			dependencies = (
			);
			name = LJZAlertView;
			productName = LJZAlertView;
			productReference = E8C22FB81DFE3763000E5BF5 /* LJZAlertView.app */;
			productType = "com.apple.product-type.application";
		};
		E8C22FD01DFE3763000E5BF5 /* LJZAlertViewTests */ = {
			isa = PBXNativeTarget;
			buildConfigurationList = E8C22FE81DFE3763000E5BF5 /* Build configuration list for PBXNativeTarget "LJZAlertViewTests" */;
			buildPhases = (
				E8C22FCD1DFE3763000E5BF5 /* Sources */,
				E8C22FCE1DFE3763000E5BF5 /* Frameworks */,
				E8C22FCF1DFE3763000E5BF5 /* Resources */,
			);
			buildRules = (
			);
			dependencies = (
				E8C22FD31DFE3763000E5BF5 /* PBXTargetDependency */,
			);
			name = LJZAlertViewTests;
			productName = LJZAlertViewTests;
			productReference = E8C22FD11DFE3763000E5BF5 /* LJZAlertViewTests.xctest */;
			productType = "com.apple.product-type.bundle.unit-test";
		};
		E8C22FDB1DFE3763000E5BF5 /* LJZAlertViewUITests */ = {
			isa = PBXNativeTarget;
			buildConfigurationList = E8C22FEB1DFE3763000E5BF5 /* Build configuration list for PBXNativeTarget "LJZAlertViewUITests" */;
			buildPhases = (
				E8C22FD81DFE3763000E5BF5 /* Sources */,
				E8C22FD91DFE3763000E5BF5 /* Frameworks */,
				E8C22FDA1DFE3763000E5BF5 /* Resources */,
			);
			buildRules = (
			);
			dependencies = (
				E8C22FDE1DFE3763000E5BF5 /* PBXTargetDependency */,
			);
			name = LJZAlertViewUITests;
			productName = LJZAlertViewUITests;
			productReference = E8C22FDC1DFE3763000E5BF5 /* LJZAlertViewUITests.xctest */;
			productType = "com.apple.product-type.bundle.ui-testing";
		};
/* End PBXNativeTarget section */

/* Begin PBXProject section */
		E8C22FB01DFE3763000E5BF5 /* Project object */ = {
			isa = PBXProject;
			attributes = {
				LastUpgradeCheck = 0810;
				ORGANIZATIONNAME = DBOX;
				TargetAttributes = {
					E8C22FB71DFE3763000E5BF5 = {
						CreatedOnToolsVersion = 8.1;
						DevelopmentTeam = QW9Z5KHRK8;
						ProvisioningStyle = Automatic;
					};
					E8C22FD01DFE3763000E5BF5 = {
						CreatedOnToolsVersion = 8.1;
						ProvisioningStyle = Automatic;
						TestTargetID = E8C22FB71DFE3763000E5BF5;
					};
					E8C22FDB1DFE3763000E5BF5 = {
						CreatedOnToolsVersion = 8.1;
						ProvisioningStyle = Automatic;
						TestTargetID = E8C22FB71DFE3763000E5BF5;
					};
				};
			};
			buildConfigurationList = E8C22FB31DFE3763000E5BF5 /* Build configuration list for PBXProject "LJZAlertView" */;
			compatibilityVersion = "Xcode 3.2";
			developmentRegion = English;
			hasScannedForEncodings = 0;
			knownRegions = (
				en,
				Base,
			);
			mainGroup = E8C22FAF1DFE3763000E5BF5;
			productRefGroup = E8C22FB91DFE3763000E5BF5 /* Products */;
			projectDirPath = "";
			projectRoot = "";
			targets = (
				E8C22FB71DFE3763000E5BF5 /* LJZAlertView */,
				E8C22FD01DFE3763000E5BF5 /* LJZAlertViewTests */,
				E8C22FDB1DFE3763000E5BF5 /* LJZAlertViewUITests */,
			);
		};
/* End PBXProject section */

/* Begin PBXResourcesBuildPhase section */
		E8C22FB61DFE3763000E5BF5 /* Resources */ = {
			isa = PBXResourcesBuildPhase;
			buildActionMask = 2147483647;
			files = (
				E8C22FCB1DFE3763000E5BF5 /* LaunchScreen.storyboard in Resources */,
				E8C22FC81DFE3763000E5BF5 /* Assets.xcassets in Resources */,
				E8C22FC61DFE3763000E5BF5 /* Main.storyboard in Resources */,
			);
			runOnlyForDeploymentPostprocessing = 0;
		};
		E8C22FCF1DFE3763000E5BF5 /* Resources */ = {
			isa = PBXResourcesBuildPhase;
			buildActionMask = 2147483647;
			files = (
			);
			runOnlyForDeploymentPostprocessing = 0;
		};
		E8C22FDA1DFE3763000E5BF5 /* Resources */ = {
			isa = PBXResourcesBuildPhase;
			buildActionMask = 2147483647;
			files = (
			);
			runOnlyForDeploymentPostprocessing = 0;
		};
/* End PBXResourcesBuildPhase section */

/* Begin PBXSourcesBuildPhase section */
		E8C22FB41DFE3763000E5BF5 /* Sources */ = {
			isa = PBXSourcesBuildPhase;
			buildActionMask = 2147483647;
			files = (
				E8C22FF31DFE4ACC000E5BF5 /* LJZAlertAppearance.m in Sources */,
				E8C22FF01DFE49F8000E5BF5 /* LJZAlertView.m in Sources */,
				E8C22FC31DFE3763000E5BF5 /* ViewController.m in Sources */,
				E8C22FC01DFE3763000E5BF5 /* AppDelegate.m in Sources */,
				E8C22FBD1DFE3763000E5BF5 /* main.m in Sources */,
			);
			runOnlyForDeploymentPostprocessing = 0;
		};
		E8C22FCD1DFE3763000E5BF5 /* Sources */ = {
			isa = PBXSourcesBuildPhase;
			buildActionMask = 2147483647;
			files = (
				E8C22FD61DFE3763000E5BF5 /* LJZAlertViewTests.m in Sources */,
			);
			runOnlyForDeploymentPostprocessing = 0;
		};
		E8C22FD81DFE3763000E5BF5 /* Sources */ = {
			isa = PBXSourcesBuildPhase;
			buildActionMask = 2147483647;
			files = (
				E8C22FE11DFE3763000E5BF5 /* LJZAlertViewUITests.m in Sources */,
			);
			runOnlyForDeploymentPostprocessing = 0;
		};
/* End PBXSourcesBuildPhase section */

/* Begin PBXTargetDependency section */
		E8C22FD31DFE3763000E5BF5 /* PBXTargetDependency */ = {
			isa = PBXTargetDependency;
			target = E8C22FB71DFE3763000E5BF5 /* LJZAlertView */;
			targetProxy = E8C22FD21DFE3763000E5BF5 /* PBXContainerItemProxy */;
		};
		E8C22FDE1DFE3763000E5BF5 /* PBXTargetDependency */ = {
			isa = PBXTargetDependency;
			target = E8C22FB71DFE3763000E5BF5 /* LJZAlertView */;
			targetProxy = E8C22FDD1DFE3763000E5BF5 /* PBXContainerItemProxy */;
		};
/* End PBXTargetDependency section */

/* Begin PBXVariantGroup section */
		E8C22FC41DFE3763000E5BF5 /* Main.storyboard */ = {
			isa = PBXVariantGroup;
			children = (
				E8C22FC51DFE3763000E5BF5 /* Base */,
			);
			name = Main.storyboard;
			sourceTree = "<group>";
		};
		E8C22FC91DFE3763000E5BF5 /* LaunchScreen.storyboard */ = {
			isa = PBXVariantGroup;
			children = (
				E8C22FCA1DFE3763000E5BF5 /* Base */,
			);
			name = LaunchScreen.storyboard;
			sourceTree = "<group>";
		};
/* End PBXVariantGroup section */

/* Begin XCBuildConfiguration section */
		E8C22FE31DFE3763000E5BF5 /* Debug */ = {
			isa = XCBuildConfiguration;
			buildSettings = {
				ALWAYS_SEARCH_USER_PATHS = NO;
				CLANG_ANALYZER_NONNULL = YES;
				CLANG_CXX_LANGUAGE_STANDARD = "gnu++0x";
				CLANG_CXX_LIBRARY = "libc++";
				CLANG_ENABLE_MODULES = YES;
				CLANG_ENABLE_OBJC_ARC = YES;
				CLANG_WARN_BOOL_CONVERSION = YES;
				CLANG_WARN_CONSTANT_CONVERSION = YES;
				CLANG_WARN_DIRECT_OBJC_ISA_USAGE = YES_ERROR;
				CLANG_WARN_DOCUMENTATION_COMMENTS = YES;
				CLANG_WARN_EMPTY_BODY = YES;
				CLANG_WARN_ENUM_CONVERSION = YES;
				CLANG_WARN_INFINITE_RECURSION = YES;
				CLANG_WARN_INT_CONVERSION = YES;
				CLANG_WARN_OBJC_ROOT_CLASS = YES_ERROR;
				CLANG_WARN_SUSPICIOUS_MOVES = YES;
				CLANG_WARN_UNREACHABLE_CODE = YES;
				CLANG_WARN__DUPLICATE_METHOD_MATCH = YES;
				"CODE_SIGN_IDENTITY[sdk=iphoneos*]" = "iPhone Developer";
				COPY_PHASE_STRIP = NO;
				DEBUG_INFORMATION_FORMAT = dwarf;
				ENABLE_STRICT_OBJC_MSGSEND = YES;
				ENABLE_TESTABILITY = YES;
				GCC_C_LANGUAGE_STANDARD = gnu99;
				GCC_DYNAMIC_NO_PIC = NO;
				GCC_NO_COMMON_BLOCKS = YES;
				GCC_OPTIMIZATION_LEVEL = 0;
				GCC_PREPROCESSOR_DEFINITIONS = (
					"DEBUG=1",
					"$(inherited)",
				);
				GCC_WARN_64_TO_32_BIT_CONVERSION = YES;
				GCC_WARN_ABOUT_RETURN_TYPE = YES_ERROR;
				GCC_WARN_UNDECLARED_SELECTOR = YES;
				GCC_WARN_UNINITIALIZED_AUTOS = YES_AGGRESSIVE;
				GCC_WARN_UNUSED_FUNCTION = YES;
				GCC_WARN_UNUSED_VARIABLE = YES;
				IPHONEOS_DEPLOYMENT_TARGET = 10.1;
				MTL_ENABLE_DEBUG_INFO = YES;
				ONLY_ACTIVE_ARCH = YES;
				SDKROOT = iphoneos;
			};
			name = Debug;
		};
		E8C22FE41DFE3763000E5BF5 /* Release */ = {
			isa = XCBuildConfiguration;
			buildSettings = {
				ALWAYS_SEARCH_USER_PATHS = NO;
				CLANG_ANALYZER_NONNULL = YES;
				CLANG_CXX_LANGUAGE_STANDARD = "gnu++0x";
				CLANG_CXX_LIBRARY = "libc++";
				CLANG_ENABLE_MODULES = YES;
				CLANG_ENABLE_OBJC_ARC = YES;
				CLANG_WARN_BOOL_CONVERSION = YES;
				CLANG_WARN_CONSTANT_CONVERSION = YES;
				CLANG_WARN_DIRECT_OBJC_ISA_USAGE = YES_ERROR;
				CLANG_WARN_DOCUMENTATION_COMMENTS = YES;
				CLANG_WARN_EMPTY_BODY = YES;
				CLANG_WARN_ENUM_CONVERSION = YES;
				CLANG_WARN_INFINITE_RECURSION = YES;
				CLANG_WARN_INT_CONVERSION = YES;
				CLANG_WARN_OBJC_ROOT_CLASS = YES_ERROR;
				CLANG_WARN_SUSPICIOUS_MOVES = YES;
				CLANG_WARN_UNREACHABLE_CODE = YES;
				CLANG_WARN__DUPLICATE_METHOD_MATCH = YES;
				"CODE_SIGN_IDENTITY[sdk=iphoneos*]" = "iPhone Developer";
				COPY_PHASE_STRIP = NO;
				DEBUG_INFORMATION_FORMAT = "dwarf-with-dsym";
				ENABLE_NS_ASSERTIONS = NO;
				ENABLE_STRICT_OBJC_MSGSEND = YES;
				GCC_C_LANGUAGE_STANDARD = gnu99;
				GCC_NO_COMMON_BLOCKS = YES;
				GCC_WARN_64_TO_32_BIT_CONVERSION = YES;
				GCC_WARN_ABOUT_RETURN_TYPE = YES_ERROR;
				GCC_WARN_UNDECLARED_SELECTOR = YES;
				GCC_WARN_UNINITIALIZED_AUTOS = YES_AGGRESSIVE;
				GCC_WARN_UNUSED_FUNCTION = YES;
				GCC_WARN_UNUSED_VARIABLE = YES;
				IPHONEOS_DEPLOYMENT_TARGET = 10.1;
				MTL_ENABLE_DEBUG_INFO = NO;
				SDKROOT = iphoneos;
				VALIDATE_PRODUCT = YES;
			};
			name = Release;
		};
		E8C22FE61DFE3763000E5BF5 /* Debug */ = {
			isa = XCBuildConfiguration;
			buildSettings = {
				ASSETCATALOG_COMPILER_APPICON_NAME = AppIcon;
				DEVELOPMENT_TEAM = QW9Z5KHRK8;
				INFOPLIST_FILE = LJZAlertView/Info.plist;
				IPHONEOS_DEPLOYMENT_TARGET = 8.0;
				LD_RUNPATH_SEARCH_PATHS = "$(inherited) @executable_path/Frameworks";
				PRODUCT_BUNDLE_IDENTIFIER = com.designbox.LJZAlertView;
				PRODUCT_NAME = "$(TARGET_NAME)";
			};
			name = Debug;
		};
		E8C22FE71DFE3763000E5BF5 /* Release */ = {
			isa = XCBuildConfiguration;
			buildSettings = {
				ASSETCATALOG_COMPILER_APPICON_NAME = AppIcon;
				DEVELOPMENT_TEAM = QW9Z5KHRK8;
				INFOPLIST_FILE = LJZAlertView/Info.plist;
				IPHONEOS_DEPLOYMENT_TARGET = 8.0;
				LD_RUNPATH_SEARCH_PATHS = "$(inherited) @executable_path/Frameworks";
				PRODUCT_BUNDLE_IDENTIFIER = com.designbox.LJZAlertView;
				PRODUCT_NAME = "$(TARGET_NAME)";
			};
			name = Release;
		};
		E8C22FE91DFE3763000E5BF5 /* Debug */ = {
			isa = XCBuildConfiguration;
			buildSettings = {
				BUNDLE_LOADER = "$(TEST_HOST)";
				INFOPLIST_FILE = LJZAlertViewTests/Info.plist;
				LD_RUNPATH_SEARCH_PATHS = "$(inherited) @executable_path/Frameworks @loader_path/Frameworks";
				PRODUCT_BUNDLE_IDENTIFIER = com.designbox.LJZAlertViewTests;
				PRODUCT_NAME = "$(TARGET_NAME)";
				TEST_HOST = "$(BUILT_PRODUCTS_DIR)/LJZAlertView.app/LJZAlertView";
			};
			name = Debug;
		};
		E8C22FEA1DFE3763000E5BF5 /* Release */ = {
			isa = XCBuildConfiguration;
			buildSettings = {
				BUNDLE_LOADER = "$(TEST_HOST)";
				INFOPLIST_FILE = LJZAlertViewTests/Info.plist;
				LD_RUNPATH_SEARCH_PATHS = "$(inherited) @executable_path/Frameworks @loader_path/Frameworks";
				PRODUCT_BUNDLE_IDENTIFIER = com.designbox.LJZAlertViewTests;
				PRODUCT_NAME = "$(TARGET_NAME)";
				TEST_HOST = "$(BUILT_PRODUCTS_DIR)/LJZAlertView.app/LJZAlertView";
			};
			name = Release;
		};
		E8C22FEC1DFE3763000E5BF5 /* Debug */ = {
			isa = XCBuildConfiguration;
			buildSettings = {
				INFOPLIST_FILE = LJZAlertViewUITests/Info.plist;
				LD_RUNPATH_SEARCH_PATHS = "$(inherited) @executable_path/Frameworks @loader_path/Frameworks";
				PRODUCT_BUNDLE_IDENTIFIER = com.designbox.LJZAlertViewUITests;
				PRODUCT_NAME = "$(TARGET_NAME)";
				TEST_TARGET_NAME = LJZAlertView;
			};
			name = Debug;
		};
		E8C22FED1DFE3763000E5BF5 /* Release */ = {
			isa = XCBuildConfiguration;
			buildSettings = {
				INFOPLIST_FILE = LJZAlertViewUITests/Info.plist;
				LD_RUNPATH_SEARCH_PATHS = "$(inherited) @executable_path/Frameworks @loader_path/Frameworks";
				PRODUCT_BUNDLE_IDENTIFIER = com.designbox.LJZAlertViewUITests;
				PRODUCT_NAME = "$(TARGET_NAME)";
				TEST_TARGET_NAME = LJZAlertView;
			};
			name = Release;
		};
/* End XCBuildConfiguration section */

/* Begin XCConfigurationList section */
		E8C22FB31DFE3763000E5BF5 /* Build configuration list for PBXProject "LJZAlertView" */ = {
			isa = XCConfigurationList;
			buildConfigurations = (
				E8C22FE31DFE3763000E5BF5 /* Debug */,
				E8C22FE41DFE3763000E5BF5 /* Release */,
			);
			defaultConfigurationIsVisible = 0;
			defaultConfigurationName = Release;
		};
		E8C22FE51DFE3763000E5BF5 /* Build configuration list for PBXNativeTarget "LJZAlertView" */ = {
			isa = XCConfigurationList;
			buildConfigurations = (
				E8C22FE61DFE3763000E5BF5 /* Debug */,
				E8C22FE71DFE3763000E5BF5 /* Release */,
			);
			defaultConfigurationIsVisible = 0;
		};
		E8C22FE81DFE3763000E5BF5 /* Build configuration list for PBXNativeTarget "LJZAlertViewTests" */ = {
			isa = XCConfigurationList;
			buildConfigurations = (
				E8C22FE91DFE3763000E5BF5 /* Debug */,
				E8C22FEA1DFE3763000E5BF5 /* Release */,
			);
			defaultConfigurationIsVisible = 0;
		};
		E8C22FEB1DFE3763000E5BF5 /* Build configuration list for PBXNativeTarget "LJZAlertViewUITests" */ = {
			isa = XCConfigurationList;
			buildConfigurations = (
				E8C22FEC1DFE3763000E5BF5 /* Debug */,
				E8C22FED1DFE3763000E5BF5 /* Release */,
			);
			defaultConfigurationIsVisible = 0;
		};
/* End XCConfigurationList section */
	};
	rootObject = E8C22FB01DFE3763000E5BF5 /* Project object */;
}
